
Microsoft Visual Studio Solution File, Format Version 12.00
# Visual Studio 15
VisualStudioVersion = 15.0.28307.852
MinimumVisualStudioVersion = 10.0.40219.1
Project("{FAE04EC0-301F-11D3-BF4B-00C04F79EFBC}") = "WebApiCRUD", "WebApiCRUD\WebApiCRUD.csproj", "{BACC953B-FB4B-461C-9950-C9830493F2F5}"
EndProject
Global
	GlobalSection(SolutionConfigurationPlatforms) = preSolution
		Debug|Any CPU = Debug|Any CPU
		Release|Any CPU = Release|Any CPU
	EndGlobalSection
	GlobalSection(ProjectConfigurationPlatforms) = postSolution
		{BACC953B-FB4B-461C-9950-C9830493F2F5}.Debug|Any CPU.ActiveCfg = Debug|Any CPU
		{BACC953B-FB4B-461C-9950-C9830493F2F5}.Debug|Any CPU.Build.0 = Debug|Any CPU
		{BACC953B-FB4B-461C-9950-C9830493F2F5}.Release|Any CPU.ActiveCfg = Release|Any CPU
		{BACC953B-FB4B-461C-9950-C9830493F2F5}.Release|Any CPU.Build.0 = Release|Any CPU
	EndGlobalSection
	GlobalSection(SolutionProperties) = preSolution
		HideSolutionNode = FALSE
	EndGlobalSection
	GlobalSection(ExtensibilityGlobals) = postSolution
		SolutionGuid = {7ABDB825-7DD6-4D85-AEF8-BA03D255F50F}
	EndGlobalSection
EndGlobal
